
Microsoft Visual Studio Solution File, Format Version 12.00
Project("{FAE04EC0-301F-11D3-BF4B-00C04F79EFBC}") = "service_template", "service_template.csproj", "{91C22C98-D276-4E56-89E4-A59075780108}"
EndProject
Global
	GlobalSection(SolutionConfigurationPlatforms) = preSolution
		Debug|Any CPU = Debug|Any CPU
		Release|Any CPU = Release|Any CPU
	EndGlobalSection
	GlobalSection(ProjectConfigurationPlatforms) = postSolution
		{91C22C98-D276-4E56-89E4-A59075780108}.Debug|Any CPU.ActiveCfg = Debug|Any CPU
		{91C22C98-D276-4E56-89E4-A59075780108}.Debug|Any CPU.Build.0 = Debug|Any CPU
		{91C22C98-D276-4E56-89E4-A59075780108}.Release|Any CPU.ActiveCfg = Release|Any CPU
		{91C22C98-D276-4E56-89E4-A59075780108}.Release|Any CPU.Build.0 = Release|Any CPU
	EndGlobalSection
EndGlobal
